
Microsoft Visual Studio Solution File, Format Version 12.00
# Visual Studio Version 16
VisualStudioVersion = 16.0.31605.320
MinimumVisualStudioVersion = 10.0.40219.1
Project("{9A19103F-16F7-4668-BE54-9A1E7A4F7556}") = "MontarPlanilha", "MontarPlanilha\MontarPlanilha.csproj", "{E8EC2A35-2F7F-4B0B-B9F0-614F7FAC30B5}"
EndProject
Global
	GlobalSection(SolutionConfigurationPlatforms) = preSolution
		Debug|Any CPU = Debug|Any CPU
		Release|Any CPU = Release|Any CPU
	EndGlobalSection
	GlobalSection(ProjectConfigurationPlatforms) = postSolution
		{E8EC2A35-2F7F-4B0B-B9F0-614F7FAC30B5}.Debug|Any CPU.ActiveCfg = Debug|Any CPU
		{E8EC2A35-2F7F-4B0B-B9F0-614F7FAC30B5}.Debug|Any CPU.Build.0 = Debug|Any CPU
		{E8EC2A35-2F7F-4B0B-B9F0-614F7FAC30B5}.Release|Any CPU.ActiveCfg = Release|Any CPU
		{E8EC2A35-2F7F-4B0B-B9F0-614F7FAC30B5}.Release|Any CPU.Build.0 = Release|Any CPU
	EndGlobalSection
	GlobalSection(SolutionProperties) = preSolution
		HideSolutionNode = FALSE
	EndGlobalSection
	GlobalSection(ExtensibilityGlobals) = postSolution
		SolutionGuid = {41C6E926-2424-4AD6-8685-715BB2C7A20A}
	EndGlobalSection
EndGlobal
